// !$*UTF8*$!
{
	archiveVersion = 1;
	classes = {
	};
	objectVersion = 46;
	objects = {

/* Begin PBXBuildFile section */
		817E59001F1D94E000D7A674 /* AppDelegate.swift in Sources */ = {isa = PBXBuildFile; fileRef = 817E58FF1F1D94E000D7A674 /* AppDelegate.swift */; };
		817E59021F1D94E000D7A674 /* ViewController.swift in Sources */ = {isa = PBXBuildFile; fileRef = 817E59011F1D94E000D7A674 /* ViewController.swift */; };
		817E59051F1D94E000D7A674 /* Main.storyboard in Resources */ = {isa = PBXBuildFile; fileRef = 817E59031F1D94E000D7A674 /* Main.storyboard */; };
		817E59071F1D94E000D7A674 /* Assets.xcassets in Resources */ = {isa = PBXBuildFile; fileRef = 817E59061F1D94E000D7A674 /* Assets.xcassets */; };
		817E590A1F1D94E000D7A674 /* LaunchScreen.storyboard in Resources */ = {isa = PBXBuildFile; fileRef = 817E59081F1D94E000D7A674 /* LaunchScreen.storyboard */; };
		817E59151F1D94E000D7A674 /* Test_AppTests.swift in Sources */ = {isa = PBXBuildFile; fileRef = 817E59141F1D94E000D7A674 /* Test_AppTests.swift */; };
		817E59201F1D94E000D7A674 /* Test_AppUITests.swift in Sources */ = {isa = PBXBuildFile; fileRef = 817E591F1F1D94E000D7A674 /* Test_AppUITests.swift */; };
/* End PBXBuildFile section */

/* Begin PBXContainerItemProxy section */
		817E59111F1D94E000D7A674 /* PBXContainerItemProxy */ = {
			isa = PBXContainerItemProxy;
			containerPortal = 817E58F41F1D94DF00D7A674 /* Project object */;
			proxyType = 1;
			remoteGlobalIDString = 817E58FB1F1D94DF00D7A674;
			remoteInfo = Test_App;
		};
		817E591C1F1D94E000D7A674 /* PBXContainerItemProxy */ = {
			isa = PBXContainerItemProxy;
			containerPortal = 817E58F41F1D94DF00D7A674 /* Project object */;
			proxyType = 1;
			remoteGlobalIDString = 817E58FB1F1D94DF00D7A674;
			remoteInfo = Test_App;
		};
/* End PBXContainerItemProxy section */

/* Begin PBXFileReference section */
		817E58FC1F1D94E000D7A674 /* Test_App.app */ = {isa = PBXFileReference; explicitFileType = wrapper.application; includeInIndex = 0; path = Test_App.app; sourceTree = BUILT_PRODUCTS_DIR; };
		817E58FF1F1D94E000D7A674 /* AppDelegate.swift */ = {isa = PBXFileReference; lastKnownFileType = sourcecode.swift; path = AppDelegate.swift; sourceTree = "<group>"; };
		817E59011F1D94E000D7A674 /* ViewController.swift */ = {isa = PBXFileReference; lastKnownFileType = sourcecode.swift; path = ViewController.swift; sourceTree = "<group>"; };
		817E59041F1D94E000D7A674 /* Base */ = {isa = PBXFileReference; lastKnownFileType = file.storyboard; name = Base; path = Base.lproj/Main.storyboard; sourceTree = "<group>"; };
		817E59061F1D94E000D7A674 /* Assets.xcassets */ = {isa = PBXFileReference; lastKnownFileType = folder.assetcatalog; path = Assets.xcassets; sourceTree = "<group>"; };
		817E59091F1D94E000D7A674 /* Base */ = {isa = PBXFileReference; lastKnownFileType = file.storyboard; name = Base; path = Base.lproj/LaunchScreen.storyboard; sourceTree = "<group>"; };
		817E590B1F1D94E000D7A674 /* Info.plist */ = {isa = PBXFileReference; lastKnownFileType = text.plist.xml; path = Info.plist; sourceTree = "<group>"; };
		817E59101F1D94E000D7A674 /* Test_AppTests.xctest */ = {isa = PBXFileReference; explicitFileType = wrapper.cfbundle; includeInIndex = 0; path = Test_AppTests.xctest; sourceTree = BUILT_PRODUCTS_DIR; };
		817E59141F1D94E000D7A674 /* Test_AppTests.swift */ = {isa = PBXFileReference; lastKnownFileType = sourcecode.swift; path = Test_AppTests.swift; sourceTree = "<group>"; };
		817E59161F1D94E000D7A674 /* Info.plist */ = {isa = PBXFileReference; lastKnownFileType = text.plist.xml; path = Info.plist; sourceTree = "<group>"; };
		817E591B1F1D94E000D7A674 /* Test_AppUITests.xctest */ = {isa = PBXFileReference; explicitFileType = wrapper.cfbundle; includeInIndex = 0; path = Test_AppUITests.xctest; sourceTree = BUILT_PRODUCTS_DIR; };
		817E591F1F1D94E000D7A674 /* Test_AppUITests.swift */ = {isa = PBXFileReference; lastKnownFileType = sourcecode.swift; path = Test_AppUITests.swift; sourceTree = "<group>"; };
		817E59211F1D94E000D7A674 /* Info.plist */ = {isa = PBXFileReference; lastKnownFileType = text.plist.xml; path = Info.plist; sourceTree = "<group>"; };
/* End PBXFileReference section */

/* Begin PBXFrameworksBuildPhase section */
		817E58F91F1D94DF00D7A674 /* Frameworks */ = {
			isa = PBXFrameworksBuildPhase;
			buildActionMask = 2147483647;
			files = (
			);
			runOnlyForDeploymentPostprocessing = 0;
		};
		817E590D1F1D94E000D7A674 /* Frameworks */ = {
			isa = PBXFrameworksBuildPhase;
			buildActionMask = 2147483647;
			files = (
			);
			runOnlyForDeploymentPostprocessing = 0;
		};
		817E59181F1D94E000D7A674 /* Frameworks */ = {
			isa = PBXFrameworksBuildPhase;
			buildActionMask = 2147483647;
			files = (
			);
			runOnlyForDeploymentPostprocessing = 0;
		};
/* End PBXFrameworksBuildPhase section */

/* Begin PBXGroup section */
		817E58F31F1D94DF00D7A674 = {
			isa = PBXGroup;
			children = (
				817E58FE1F1D94E000D7A674 /* Test_App */,
				817E59131F1D94E000D7A674 /* Test_AppTests */,
				817E591E1F1D94E000D7A674 /* Test_AppUITests */,
				817E58FD1F1D94E000D7A674 /* Products */,
			);
			sourceTree = "<group>";
		};
		817E58FD1F1D94E000D7A674 /* Products */ = {
			isa = PBXGroup;
			children = (
				817E58FC1F1D94E000D7A674 /* Test_App.app */,
				817E59101F1D94E000D7A674 /* Test_AppTests.xctest */,
				817E591B1F1D94E000D7A674 /* Test_AppUITests.xctest */,
			);
			name = Products;
			sourceTree = "<group>";
		};
		817E58FE1F1D94E000D7A674 /* Test_App */ = {
			isa = PBXGroup;
			children = (
				817E58FF1F1D94E000D7A674 /* AppDelegate.swift */,
				817E59011F1D94E000D7A674 /* ViewController.swift */,
				817E59031F1D94E000D7A674 /* Main.storyboard */,
				817E59061F1D94E000D7A674 /* Assets.xcassets */,
				817E59081F1D94E000D7A674 /* LaunchScreen.storyboard */,
				817E590B1F1D94E000D7A674 /* Info.plist */,
			);
			path = Test_App;
			sourceTree = "<group>";
		};
		817E59131F1D94E000D7A674 /* Test_AppTests */ = {
			isa = PBXGroup;
			children = (
				817E59141F1D94E000D7A674 /* Test_AppTests.swift */,
				817E59161F1D94E000D7A674 /* Info.plist */,
			);
			path = Test_AppTests;
			sourceTree = "<group>";
		};
		817E591E1F1D94E000D7A674 /* Test_AppUITests */ = {
			isa = PBXGroup;
			children = (
				817E591F1F1D94E000D7A674 /* Test_AppUITests.swift */,
				817E59211F1D94E000D7A674 /* Info.plist */,
			);
			path = Test_AppUITests;
			sourceTree = "<group>";
		};
/* End PBXGroup section */

/* Begin PBXNativeTarget section */
		817E58FB1F1D94DF00D7A674 /* Test_App */ = {
			isa = PBXNativeTarget;
			buildConfigurationList = 817E59241F1D94E000D7A674 /* Build configuration list for PBXNativeTarget "Test_App" */;
			buildPhases = (
				817E58F81F1D94DF00D7A674 /* Sources */,
				817E58F91F1D94DF00D7A674 /* Frameworks */,
				817E58FA1F1D94DF00D7A674 /* Resources */,
			);
			buildRules = (
			);
			dependencies = (
			);
			name = Test_App;
			productName = Test_App;
			productReference = 817E58FC1F1D94E000D7A674 /* Test_App.app */;
			productType = "com.apple.product-type.application";
		};
		817E590F1F1D94E000D7A674 /* Test_AppTests */ = {
			isa = PBXNativeTarget;
			buildConfigurationList = 817E59271F1D94E000D7A674 /* Build configuration list for PBXNativeTarget "Test_AppTests" */;
			buildPhases = (
				817E590C1F1D94E000D7A674 /* Sources */,
				817E590D1F1D94E000D7A674 /* Frameworks */,
				817E590E1F1D94E000D7A674 /* Resources */,
			);
			buildRules = (
			);
			dependencies = (
				817E59121F1D94E000D7A674 /* PBXTargetDependency */,
			);
			name = Test_AppTests;
			productName = Test_AppTests;
			productReference = 817E59101F1D94E000D7A674 /* Test_AppTests.xctest */;
			productType = "com.apple.product-type.bundle.unit-test";
		};
		817E591A1F1D94E000D7A674 /* Test_AppUITests */ = {
			isa = PBXNativeTarget;
			buildConfigurationList = 817E592A1F1D94E000D7A674 /* Build configuration list for PBXNativeTarget "Test_AppUITests" */;
			buildPhases = (
				817E59171F1D94E000D7A674 /* Sources */,
				817E59181F1D94E000D7A674 /* Frameworks */,
				817E59191F1D94E000D7A674 /* Resources */,
			);
			buildRules = (
			);
			dependencies = (
				817E591D1F1D94E000D7A674 /* PBXTargetDependency */,
			);
			name = Test_AppUITests;
			productName = Test_AppUITests;
			productReference = 817E591B1F1D94E000D7A674 /* Test_AppUITests.xctest */;
			productType = "com.apple.product-type.bundle.ui-testing";
		};
/* End PBXNativeTarget section */

/* Begin PBXProject section */
		817E58F41F1D94DF00D7A674 /* Project object */ = {
			isa = PBXProject;
			attributes = {
				LastSwiftUpdateCheck = 0830;
				LastUpgradeCheck = 0830;
				ORGANIZATIONNAME = "Rain Africa";
				TargetAttributes = {
					817E58FB1F1D94DF00D7A674 = {
						CreatedOnToolsVersion = 8.3.2;
						DevelopmentTeam = 39CB4D7739;
						ProvisioningStyle = Automatic;
					};
					817E590F1F1D94E000D7A674 = {
						CreatedOnToolsVersion = 8.3.2;
						DevelopmentTeam = 39CB4D7739;
						ProvisioningStyle = Automatic;
						TestTargetID = 817E58FB1F1D94DF00D7A674;
					};
					817E591A1F1D94E000D7A674 = {
						CreatedOnToolsVersion = 8.3.2;
						DevelopmentTeam = 39CB4D7739;
						ProvisioningStyle = Automatic;
						TestTargetID = 817E58FB1F1D94DF00D7A674;
					};
				};
			};
			buildConfigurationList = 817E58F71F1D94DF00D7A674 /* Build configuration list for PBXProject "Test_App" */;
			compatibilityVersion = "Xcode 3.2";
			developmentRegion = English;
			hasScannedForEncodings = 0;
			knownRegions = (
				en,
				Base,
			);
			mainGroup = 817E58F31F1D94DF00D7A674;
			productRefGroup = 817E58FD1F1D94E000D7A674 /* Products */;
			projectDirPath = "";
			projectRoot = "";
			targets = (
				817E58FB1F1D94DF00D7A674 /* Test_App */,
				817E590F1F1D94E000D7A674 /* Test_AppTests */,
				817E591A1F1D94E000D7A674 /* Test_AppUITests */,
			);
		};
/* End PBXProject section */

/* Begin PBXResourcesBuildPhase section */
		817E58FA1F1D94DF00D7A674 /* Resources */ = {
			isa = PBXResourcesBuildPhase;
			buildActionMask = 2147483647;
			files = (
				817E590A1F1D94E000D7A674 /* LaunchScreen.storyboard in Resources */,
				817E59071F1D94E000D7A674 /* Assets.xcassets in Resources */,
				817E59051F1D94E000D7A674 /* Main.storyboard in Resources */,
			);
			runOnlyForDeploymentPostprocessing = 0;
		};
		817E590E1F1D94E000D7A674 /* Resources */ = {
			isa = PBXResourcesBuildPhase;
			buildActionMask = 2147483647;
			files = (
			);
			runOnlyForDeploymentPostprocessing = 0;
		};
		817E59191F1D94E000D7A674 /* Resources */ = {
			isa = PBXResourcesBuildPhase;
			buildActionMask = 2147483647;
			files = (
			);
			runOnlyForDeploymentPostprocessing = 0;
		};
/* End PBXResourcesBuildPhase section */

/* Begin PBXSourcesBuildPhase section */
		817E58F81F1D94DF00D7A674 /* Sources */ = {
			isa = PBXSourcesBuildPhase;
			buildActionMask = 2147483647;
			files = (
				817E59021F1D94E000D7A674 /* ViewController.swift in Sources */,
				817E59001F1D94E000D7A674 /* AppDelegate.swift in Sources */,
			);
			runOnlyForDeploymentPostprocessing = 0;
		};
		817E590C1F1D94E000D7A674 /* Sources */ = {
			isa = PBXSourcesBuildPhase;
			buildActionMask = 2147483647;
			files = (
				817E59151F1D94E000D7A674 /* Test_AppTests.swift in Sources */,
			);
			runOnlyForDeploymentPostprocessing = 0;
		};
		817E59171F1D94E000D7A674 /* Sources */ = {
			isa = PBXSourcesBuildPhase;
			buildActionMask = 2147483647;
			files = (
				817E59201F1D94E000D7A674 /* Test_AppUITests.swift in Sources */,
			);
			runOnlyForDeploymentPostprocessing = 0;
		};
/* End PBXSourcesBuildPhase section */

/* Begin PBXTargetDependency section */
		817E59121F1D94E000D7A674 /* PBXTargetDependency */ = {
			isa = PBXTargetDependency;
			target = 817E58FB1F1D94DF00D7A674 /* Test_App */;
			targetProxy = 817E59111F1D94E000D7A674 /* PBXContainerItemProxy */;
		};
		817E591D1F1D94E000D7A674 /* PBXTargetDependency */ = {
			isa = PBXTargetDependency;
			target = 817E58FB1F1D94DF00D7A674 /* Test_App */;
			targetProxy = 817E591C1F1D94E000D7A674 /* PBXContainerItemProxy */;
		};
/* End PBXTargetDependency section */

/* Begin PBXVariantGroup section */
		817E59031F1D94E000D7A674 /* Main.storyboard */ = {
			isa = PBXVariantGroup;
			children = (
				817E59041F1D94E000D7A674 /* Base */,
			);
			name = Main.storyboard;
			sourceTree = "<group>";
		};
		817E59081F1D94E000D7A674 /* LaunchScreen.storyboard */ = {
			isa = PBXVariantGroup;
			children = (
				817E59091F1D94E000D7A674 /* Base */,
			);
			name = LaunchScreen.storyboard;
			sourceTree = "<group>";
		};
/* End PBXVariantGroup section */

/* Begin XCBuildConfiguration section */
		817E59221F1D94E000D7A674 /* Debug */ = {
			isa = XCBuildConfiguration;
			buildSettings = {
				ALWAYS_SEARCH_USER_PATHS = NO;
				CLANG_ANALYZER_NONNULL = YES;
				CLANG_ANALYZER_NUMBER_OBJECT_CONVERSION = YES_AGGRESSIVE;
				CLANG_CXX_LANGUAGE_STANDARD = "gnu++0x";
				CLANG_CXX_LIBRARY = "libc++";
				CLANG_ENABLE_MODULES = YES;
				CLANG_ENABLE_OBJC_ARC = YES;
				CLANG_WARN_BOOL_CONVERSION = YES;
				CLANG_WARN_CONSTANT_CONVERSION = YES;
				CLANG_WARN_DIRECT_OBJC_ISA_USAGE = YES_ERROR;
				CLANG_WARN_DOCUMENTATION_COMMENTS = YES;
				CLANG_WARN_EMPTY_BODY = YES;
				CLANG_WARN_ENUM_CONVERSION = YES;
				CLANG_WARN_INFINITE_RECURSION = YES;
				CLANG_WARN_INT_CONVERSION = YES;
				CLANG_WARN_OBJC_ROOT_CLASS = YES_ERROR;
				CLANG_WARN_SUSPICIOUS_MOVE = YES;
				CLANG_WARN_UNREACHABLE_CODE = YES;
				CLANG_WARN__DUPLICATE_METHOD_MATCH = YES;
				"CODE_SIGN_IDENTITY[sdk=iphoneos*]" = "iPhone Developer";
				COPY_PHASE_STRIP = NO;
				DEBUG_INFORMATION_FORMAT = dwarf;
				ENABLE_STRICT_OBJC_MSGSEND = YES;
				ENABLE_TESTABILITY = YES;
				GCC_C_LANGUAGE_STANDARD = gnu99;
				GCC_DYNAMIC_NO_PIC = NO;
				GCC_NO_COMMON_BLOCKS = YES;
				GCC_OPTIMIZATION_LEVEL = 0;
				GCC_PREPROCESSOR_DEFINITIONS = (
					"DEBUG=1",
					"$(inherited)",
				);
				GCC_WARN_64_TO_32_BIT_CONVERSION = YES;
				GCC_WARN_ABOUT_RETURN_TYPE = YES_ERROR;
				GCC_WARN_UNDECLARED_SELECTOR = YES;
				GCC_WARN_UNINITIALIZED_AUTOS = YES_AGGRESSIVE;
				GCC_WARN_UNUSED_FUNCTION = YES;
				GCC_WARN_UNUSED_VARIABLE = YES;
				IPHONEOS_DEPLOYMENT_TARGET = 10.3;
				MTL_ENABLE_DEBUG_INFO = YES;
				ONLY_ACTIVE_ARCH = YES;
				SDKROOT = iphoneos;
				SWIFT_ACTIVE_COMPILATION_CONDITIONS = DEBUG;
				SWIFT_OPTIMIZATION_LEVEL = "-Onone";
			};
			name = Debug;
		};
		817E59231F1D94E000D7A674 /* Release */ = {
			isa = XCBuildConfiguration;
			buildSettings = {
				ALWAYS_SEARCH_USER_PATHS = NO;
				CLANG_ANALYZER_NONNULL = YES;
				CLANG_ANALYZER_NUMBER_OBJECT_CONVERSION = YES_AGGRESSIVE;
				CLANG_CXX_LANGUAGE_STANDARD = "gnu++0x";
				CLANG_CXX_LIBRARY = "libc++";
				CLANG_ENABLE_MODULES = YES;
				CLANG_ENABLE_OBJC_ARC = YES;
				CLANG_WARN_BOOL_CONVERSION = YES;
				CLANG_WARN_CONSTANT_CONVERSION = YES;
				CLANG_WARN_DIRECT_OBJC_ISA_USAGE = YES_ERROR;
				CLANG_WARN_DOCUMENTATION_COMMENTS = YES;
				CLANG_WARN_EMPTY_BODY = YES;
				CLANG_WARN_ENUM_CONVERSION = YES;
				CLANG_WARN_INFINITE_RECURSION = YES;
				CLANG_WARN_INT_CONVERSION = YES;
				CLANG_WARN_OBJC_ROOT_CLASS = YES_ERROR;
				CLANG_WARN_SUSPICIOUS_MOVE = YES;
				CLANG_WARN_UNREACHABLE_CODE = YES;
				CLANG_WARN__DUPLICATE_METHOD_MATCH = YES;
				"CODE_SIGN_IDENTITY[sdk=iphoneos*]" = "iPhone Developer";
				COPY_PHASE_STRIP = NO;
				DEBUG_INFORMATION_FORMAT = "dwarf-with-dsym";
				ENABLE_NS_ASSERTIONS = NO;
				ENABLE_STRICT_OBJC_MSGSEND = YES;
				GCC_C_LANGUAGE_STANDARD = gnu99;
				GCC_NO_COMMON_BLOCKS = YES;
				GCC_WARN_64_TO_32_BIT_CONVERSION = YES;
				GCC_WARN_ABOUT_RETURN_TYPE = YES_ERROR;
				GCC_WARN_UNDECLARED_SELECTOR = YES;
				GCC_WARN_UNINITIALIZED_AUTOS = YES_AGGRESSIVE;
				GCC_WARN_UNUSED_FUNCTION = YES;
				GCC_WARN_UNUSED_VARIABLE = YES;
				IPHONEOS_DEPLOYMENT_TARGET = 10.3;
				MTL_ENABLE_DEBUG_INFO = NO;
				SDKROOT = iphoneos;
				SWIFT_OPTIMIZATION_LEVEL = "-Owholemodule";
				VALIDATE_PRODUCT = YES;
			};
			name = Release;
		};
		817E59251F1D94E000D7A674 /* Debug */ = {
			isa = XCBuildConfiguration;
			buildSettings = {
				ASSETCATALOG_COMPILER_APPICON_NAME = AppIcon;
				DEVELOPMENT_TEAM = 39CB4D7739;
				INFOPLIST_FILE = Test_App/Info.plist;
				LD_RUNPATH_SEARCH_PATHS = "$(inherited) @executable_path/Frameworks";
				PRODUCT_BUNDLE_IDENTIFIER = "Rain.Test-App";
				PRODUCT_NAME = "$(TARGET_NAME)";
				SWIFT_VERSION = 3.0;
			};
			name = Debug;
		};
		817E59261F1D94E000D7A674 /* Release */ = {
			isa = XCBuildConfiguration;
			buildSettings = {
				ASSETCATALOG_COMPILER_APPICON_NAME = AppIcon;
				DEVELOPMENT_TEAM = 39CB4D7739;
				INFOPLIST_FILE = Test_App/Info.plist;
				LD_RUNPATH_SEARCH_PATHS = "$(inherited) @executable_path/Frameworks";
				PRODUCT_BUNDLE_IDENTIFIER = "Rain.Test-App";
				PRODUCT_NAME = "$(TARGET_NAME)";
				SWIFT_VERSION = 3.0;
			};
			name = Release;
		};
		817E59281F1D94E000D7A674 /* Debug */ = {
			isa = XCBuildConfiguration;
			buildSettings = {
				ALWAYS_EMBED_SWIFT_STANDARD_LIBRARIES = YES;
				BUNDLE_LOADER = "$(TEST_HOST)";
				DEVELOPMENT_TEAM = 39CB4D7739;
				INFOPLIST_FILE = Test_AppTests/Info.plist;
				LD_RUNPATH_SEARCH_PATHS = "$(inherited) @executable_path/Frameworks @loader_path/Frameworks";
				PRODUCT_BUNDLE_IDENTIFIER = "Rain.Test-AppTests";
				PRODUCT_NAME = "$(TARGET_NAME)";
				SWIFT_VERSION = 3.0;
				TEST_HOST = "$(BUILT_PRODUCTS_DIR)/Test_App.app/Test_App";
			};
			name = Debug;
		};
		817E59291F1D94E000D7A674 /* Release */ = {
			isa = XCBuildConfiguration;
			buildSettings = {
				ALWAYS_EMBED_SWIFT_STANDARD_LIBRARIES = YES;
				BUNDLE_LOADER = "$(TEST_HOST)";
				DEVELOPMENT_TEAM = 39CB4D7739;
				INFOPLIST_FILE = Test_AppTests/Info.plist;
				LD_RUNPATH_SEARCH_PATHS = "$(inherited) @executable_path/Frameworks @loader_path/Frameworks";
				PRODUCT_BUNDLE_IDENTIFIER = "Rain.Test-AppTests";
				PRODUCT_NAME = "$(TARGET_NAME)";
				SWIFT_VERSION = 3.0;
				TEST_HOST = "$(BUILT_PRODUCTS_DIR)/Test_App.app/Test_App";
			};
			name = Release;
		};
		817E592B1F1D94E000D7A674 /* Debug */ = {
			isa = XCBuildConfiguration;
			buildSettings = {
				ALWAYS_EMBED_SWIFT_STANDARD_LIBRARIES = YES;
				DEVELOPMENT_TEAM = 39CB4D7739;
				INFOPLIST_FILE = Test_AppUITests/Info.plist;
				LD_RUNPATH_SEARCH_PATHS = "$(inherited) @executable_path/Frameworks @loader_path/Frameworks";
				PRODUCT_BUNDLE_IDENTIFIER = "Rain.Test-AppUITests";
				PRODUCT_NAME = "$(TARGET_NAME)";
				SWIFT_VERSION = 3.0;
				TEST_TARGET_NAME = Test_App;
			};
			name = Debug;
		};
		817E592C1F1D94E000D7A674 /* Release */ = {
			isa = XCBuildConfiguration;
			buildSettings = {
				ALWAYS_EMBED_SWIFT_STANDARD_LIBRARIES = YES;
				DEVELOPMENT_TEAM = 39CB4D7739;
				INFOPLIST_FILE = Test_AppUITests/Info.plist;
				LD_RUNPATH_SEARCH_PATHS = "$(inherited) @executable_path/Frameworks @loader_path/Frameworks";
				PRODUCT_BUNDLE_IDENTIFIER = "Rain.Test-AppUITests";
				PRODUCT_NAME = "$(TARGET_NAME)";
				SWIFT_VERSION = 3.0;
				TEST_TARGET_NAME = Test_App;
			};
			name = Release;
		};
/* End XCBuildConfiguration section */

/* Begin XCConfigurationList section */
		817E58F71F1D94DF00D7A674 /* Build configuration list for PBXProject "Test_App" */ = {
			isa = XCConfigurationList;
			buildConfigurations = (
				817E59221F1D94E000D7A674 /* Debug */,
				817E59231F1D94E000D7A674 /* Release */,
			);
			defaultConfigurationIsVisible = 0;
			defaultConfigurationName = Release;
		};
		817E59241F1D94E000D7A674 /* Build configuration list for PBXNativeTarget "Test_App" */ = {
			isa = XCConfigurationList;
			buildConfigurations = (
				817E59251F1D94E000D7A674 /* Debug */,
				817E59261F1D94E000D7A674 /* Release */,
			);
			defaultConfigurationIsVisible = 0;
		};
		817E59271F1D94E000D7A674 /* Build configuration list for PBXNativeTarget "Test_AppTests" */ = {
			isa = XCConfigurationList;
			buildConfigurations = (
				817E59281F1D94E000D7A674 /* Debug */,
				817E59291F1D94E000D7A674 /* Release */,
			);
			defaultConfigurationIsVisible = 0;
		};
		817E592A1F1D94E000D7A674 /* Build configuration list for PBXNativeTarget "Test_AppUITests" */ = {
			isa = XCConfigurationList;
			buildConfigurations = (
				817E592B1F1D94E000D7A674 /* Debug */,
				817E592C1F1D94E000D7A674 /* Release */,
			);
			defaultConfigurationIsVisible = 0;
		};
/* End XCConfigurationList section */
	};
	rootObject = 817E58F41F1D94DF00D7A674 /* Project object */;
}
